
Microsoft Visual Studio Solution File, Format Version 12.00
# Visual Studio Version 16
VisualStudioVersion = 16.0.30114.105
MinimumVisualStudioVersion = 10.0.40219.1
Project("{FAE04EC0-301F-11D3-BF4B-00C04F79EFBC}") = "ProvaBlazor", "ProvaBlazor\ProvaBlazor.csproj", "{98989793-D02E-4427-B509-C87DD1583FF6}"
EndProject
Global
	GlobalSection(SolutionConfigurationPlatforms) = preSolution
		Debug|Any CPU = Debug|Any CPU
		Release|Any CPU = Release|Any CPU
	EndGlobalSection
	GlobalSection(ProjectConfigurationPlatforms) = postSolution
		{98989793-D02E-4427-B509-C87DD1583FF6}.Debug|Any CPU.ActiveCfg = Debug|Any CPU
		{98989793-D02E-4427-B509-C87DD1583FF6}.Debug|Any CPU.Build.0 = Debug|Any CPU
		{98989793-D02E-4427-B509-C87DD1583FF6}.Release|Any CPU.ActiveCfg = Release|Any CPU
		{98989793-D02E-4427-B509-C87DD1583FF6}.Release|Any CPU.Build.0 = Release|Any CPU
	EndGlobalSection
	GlobalSection(SolutionProperties) = preSolution
		HideSolutionNode = FALSE
	EndGlobalSection
	GlobalSection(ExtensibilityGlobals) = postSolution
		SolutionGuid = {2A929181-56AB-4467-A67D-24A85094B4A1}
	EndGlobalSection
EndGlobal
